<?xml version="1.0" encoding="utf-8"?>
<Project ToolsVersion="4.0" xmlns="http://schemas.microsoft.com/developer/msbuild/2003">
  <ItemGroup>
    <Filter Include="src">
      <UniqueIdentifier>{7ccaf4a7-2f0f-470b-b5d4-9b2487744f0c}</UniqueIdentifier>
    </Filter>
    <Filter Include="src\main">
      <UniqueIdentifier>{d87b7021-a3b4-494b-9854-fe2d997df649}</UniqueIdentifier>
    </Filter>
    <Filter Include="src\renderer">
      <UniqueIdentifier>{38404503-d9e2-4f9d-b9b5-aa0823dfdde6}</UniqueIdentifier>
    </Filter>
    <Filter Include="src\renderer\camera">
      <UniqueIdentifier>{9dc5b4ac-9830-46eb-9aa0-29e4be36ab6b}</UniqueIdentifier>
    </Filter>
    <Filter Include="src\renderer\geometry">
      <UniqueIdentifier>{7da4602a-3303-4ddb-8012-e965310fa31e}</UniqueIdentifier>
    </Filter>
    <Filter Include="src\renderer\objects">
      <UniqueIdentifier>{3fe12e9e-3d9b-4484-b8c2-abcb8955707c}</UniqueIdentifier>
    </Filter>
    <Filter Include="src\renderer\shader">
      <UniqueIdentifier>{e182776a-cdf2-4556-a973-9b96a938ced8}</UniqueIdentifier>
    </Filter>
    <Filter Include="src\renderer\texture">
      <UniqueIdentifier>{a7f35cd5-5810-4bf5-9a82-704fd4955cbb}</UniqueIdentifier>
    </Filter>
    <Filter Include="src\windowing">
      <UniqueIdentifier>{bb3effa1-1f8f-41d2-bf5b-e4140e01919d}</UniqueIdentifier>
    </Filter>
    <Filter Include="shaders">
      <UniqueIdentifier>{167be54f-ebed-4b2b-8a60-ef81ca9c4163}</UniqueIdentifier>
    </Filter>
    <Filter Include="src\renderer\lights">
      <UniqueIdentifier>{72198500-128e-4dbb-868d-ecee7ebead4d}</UniqueIdentifier>
    </Filter>
    <Filter Include="src\hand_fit">
      <UniqueIdentifier>{b45c826e-8c6b-48fd-931a-c28483e635b9}</UniqueIdentifier>
    </Filter>
  </ItemGroup>
  <ItemGroup>
    <ClCompile Include="src\main\main_hand_pose.cpp">
      <Filter>src\main</Filter>
    </ClCompile>
    <ClCompile Include="src\renderer\colors.cpp">
      <Filter>src\renderer</Filter>
    </ClCompile>
    <ClCompile Include="src\renderer\open_gl_common.cpp">
      <Filter>src\renderer</Filter>
    </ClCompile>
    <ClCompile Include="src\renderer\renderer.cpp">
      <Filter>src\renderer</Filter>
    </ClCompile>
    <ClCompile Include="src\renderer\camera\camera.cpp">
      <Filter>src\renderer\camera</Filter>
    </ClCompile>
    <ClCompile Include="src\renderer\geometry\geometry_vertices.cpp">
      <Filter>src\renderer\geometry</Filter>
    </ClCompile>
    <ClCompile Include="src\renderer\geometry\geometry.cpp">
      <Filter>src\renderer\geometry</Filter>
    </ClCompile>
    <ClCompile Include="src\renderer\geometry\geometry_colored_mesh.cpp">
      <Filter>src\renderer\geometry</Filter>
    </ClCompile>
    <ClCompile Include="src\renderer\objects\aabbox.cpp">
      <Filter>src\renderer\objects</Filter>
    </ClCompile>
    <ClCompile Include="src\renderer\shader\shader_program.cpp">
      <Filter>src\renderer\shader</Filter>
    </ClCompile>
    <ClCompile Include="src\renderer\shader\shader.cpp">
      <Filter>src\renderer\shader</Filter>
    </ClCompile>
    <ClCompile Include="src\renderer\texture\texture_renderable.cpp">
      <Filter>src\renderer\texture</Filter>
    </ClCompile>
    <ClCompile Include="src\renderer\texture\texture.cpp">
      <Filter>src\renderer\texture</Filter>
    </ClCompile>
    <ClCompile Include="src\windowing\window.cpp">
      <Filter>src\windowing</Filter>
    </ClCompile>
    <ClCompile Include="src\windowing\window_settings.cpp">
      <Filter>src\windowing</Filter>
    </ClCompile>
    <ClCompile Include="src\renderer\lights\light.cpp">
      <Filter>src\renderer\lights</Filter>
    </ClCompile>
    <ClCompile Include="src\renderer\lights\light_dir.cpp">
      <Filter>src\renderer\lights</Filter>
    </ClCompile>
    <ClCompile Include="src\renderer\lights\light_dir_handles.cpp">
      <Filter>src\renderer\lights</Filter>
    </ClCompile>
    <ClCompile Include="src\renderer\geometry\geometry_points.cpp">
      <Filter>src\renderer\geometry</Filter>
    </ClCompile>
    <ClCompile Include="src\renderer\texture\texture_utils.cpp">
      <Filter>src\renderer\texture</Filter>
    </ClCompile>
    <ClCompile Include="src\renderer\geometry\geometry_textured_mesh.cpp">
      <Filter>src\renderer\geometry</Filter>
    </ClCompile>
    <ClCompile Include="src\renderer\geometry\geometry_colored_points.cpp">
      <Filter>src\renderer\geometry</Filter>
    </ClCompile>
    <ClCompile Include="src\renderer\geometry\geometry_textured_boned_mesh.cpp">
      <Filter>src\renderer\geometry</Filter>
    </ClCompile>
    <ClCompile Include="src\renderer\geometry\geometry_manager.cpp">
      <Filter>src\renderer\geometry</Filter>
    </ClCompile>
    <ClCompile Include="src\renderer\geometry\vertex_bone_data.cpp">
      <Filter>src\renderer\geometry</Filter>
    </ClCompile>
    <ClCompile Include="src\renderer\geometry\bone_info.cpp">
      <Filter>src\renderer\geometry</Filter>
    </ClCompile>
    <ClCompile Include="src\renderer\geometry\geometry_colored_boned_mesh.cpp">
      <Filter>src\renderer\geometry</Filter>
    </ClCompile>
    <ClCompile Include="src\renderer\gl_state.cpp">
      <Filter>src\renderer</Filter>
    </ClCompile>
    <ClCompile Include="src\hand_fit\hand_renderer.cpp">
      <Filter>src\hand_fit</Filter>
    </ClCompile>
    <ClCompile Include="src\hand_fit\bounding_sphere.cpp">
      <Filter>src\hand_fit</Filter>
    </ClCompile>
    <ClCompile Include="src\hand_fit\hand_fit.cpp">
      <Filter>src\hand_fit</Filter>
    </ClCompile>
    <ClCompile Include="src\hand_fit\hand_geometry_mesh.cpp">
      <Filter>src\hand_fit</Filter>
    </ClCompile>
  </ItemGroup>
  <ItemGroup>
    <ClInclude Include="src\renderer\colors.h">
      <Filter>src\renderer</Filter>
    </ClInclude>
    <ClInclude Include="src\renderer\open_gl_common.h">
      <Filter>src\renderer</Filter>
    </ClInclude>
    <ClInclude Include="src\renderer\renderer.h">
      <Filter>src\renderer</Filter>
    </ClInclude>
    <ClInclude Include="src\renderer\camera\camera.h">
      <Filter>src\renderer\camera</Filter>
    </ClInclude>
    <ClInclude Include="src\renderer\geometry\geometry_colored_mesh.h">
      <Filter>src\renderer\geometry</Filter>
    </ClInclude>
    <ClInclude Include="src\renderer\geometry\geometry_vertices.h">
      <Filter>src\renderer\geometry</Filter>
    </ClInclude>
    <ClInclude Include="src\renderer\geometry\geometry.h">
      <Filter>src\renderer\geometry</Filter>
    </ClInclude>
    <ClInclude Include="src\renderer\objects\aabbox.h">
      <Filter>src\renderer\objects</Filter>
    </ClInclude>
    <ClInclude Include="src\renderer\shader\shader_location_name_pair.h">
      <Filter>src\renderer\shader</Filter>
    </ClInclude>
    <ClInclude Include="src\renderer\shader\shader_program.h">
      <Filter>src\renderer\shader</Filter>
    </ClInclude>
    <ClInclude Include="src\renderer\shader\shader.h">
      <Filter>src\renderer\shader</Filter>
    </ClInclude>
    <ClInclude Include="src\renderer\texture\texture_renderable.h">
      <Filter>src\renderer\texture</Filter>
    </ClInclude>
    <ClInclude Include="src\renderer\texture\texture.h">
      <Filter>src\renderer\texture</Filter>
    </ClInclude>
    <ClInclude Include="src\windowing\keys_and_buttons.h">
      <Filter>src\windowing</Filter>
    </ClInclude>
    <ClInclude Include="src\windowing\window.h">
      <Filter>src\windowing</Filter>
    </ClInclude>
    <ClInclude Include="src\windowing\window_settings.h">
      <Filter>src\windowing</Filter>
    </ClInclude>
    <ClInclude Include="src\windowing\glfw.h">
      <Filter>src\windowing</Filter>
    </ClInclude>
    <ClInclude Include="src\renderer\lights\light.h">
      <Filter>src\renderer\lights</Filter>
    </ClInclude>
    <ClInclude Include="src\renderer\lights\light_dir.h">
      <Filter>src\renderer\lights</Filter>
    </ClInclude>
    <ClInclude Include="src\renderer\lights\light_dir_handles.h">
      <Filter>src\renderer\lights</Filter>
    </ClInclude>
    <ClInclude Include="src\renderer\geometry\geometry_points.h">
      <Filter>src\renderer\geometry</Filter>
    </ClInclude>
    <ClInclude Include="src\renderer\texture\texture_utils.h">
      <Filter>src\renderer\texture</Filter>
    </ClInclude>
    <ClInclude Include="src\renderer\geometry\geometry_textured_mesh.h">
      <Filter>src\renderer\geometry</Filter>
    </ClInclude>
    <ClInclude Include="src\renderer\geometry\geometry_colored_points.h">
      <Filter>src\renderer\geometry</Filter>
    </ClInclude>
    <ClInclude Include="src\renderer\geometry\geometry_textured_boned_mesh.h">
      <Filter>src\renderer\geometry</Filter>
    </ClInclude>
    <ClInclude Include="src\renderer\geometry\geometry_manager.h">
      <Filter>src\renderer\geometry</Filter>
    </ClInclude>
    <ClInclude Include="src\renderer\geometry\vertex_bone_data.h">
      <Filter>src\renderer\geometry</Filter>
    </ClInclude>
    <ClInclude Include="src\renderer\geometry\bone_info.h">
      <Filter>src\renderer\geometry</Filter>
    </ClInclude>
    <ClInclude Include="src\renderer\geometry\geometry_colored_boned_mesh.h">
      <Filter>src\renderer\geometry</Filter>
    </ClInclude>
    <ClInclude Include="src\renderer\gl_state.h">
      <Filter>src\renderer</Filter>
    </ClInclude>
    <ClInclude Include="src\hand_fit\hand_renderer.h">
      <Filter>src\hand_fit</Filter>
    </ClInclude>
    <ClInclude Include="src\hand_fit\bounding_sphere.h">
      <Filter>src\hand_fit</Filter>
    </ClInclude>
    <ClInclude Include="src\hand_fit\hand_fit.h">
      <Filter>src\hand_fit</Filter>
    </ClInclude>
    <ClInclude Include="src\hand_fit\hand_geometry.h">
      <Filter>src\hand_fit</Filter>
    </ClInclude>
    <ClInclude Include="src\hand_fit\hand_geometry_mesh.h">
      <Filter>src\hand_fit</Filter>
    </ClInclude>
  </ItemGroup>
  <ItemGroup>
    <None Include="shaders\fullscreen_quad.frag">
      <Filter>shaders</Filter>
    </None>
    <None Include="shaders\fullscreen_quad.vert">
      <Filter>shaders</Filter>
    </None>
    <None Include="shaders\points.frag">
      <Filter>shaders</Filter>
    </None>
    <None Include="shaders\points.vert">
      <Filter>shaders</Filter>
    </None>
    <None Include="shaders\residue_calc.frag">
      <Filter>shaders</Filter>
    </None>
    <None Include="shaders\tmesh_bone_dlight.frag">
      <Filter>shaders</Filter>
    </None>
    <None Include="shaders\tmesh_bone_dlight.vert">
      <Filter>shaders</Filter>
    </None>
    <None Include="shaders\tmesh_bone_dlight_lbs.vert">
      <Filter>shaders</Filter>
    </None>
    <None Include="shaders\tmesh_dlight.frag">
      <Filter>shaders</Filter>
    </None>
    <None Include="shaders\tmesh_dlight.vert">
      <Filter>shaders</Filter>
    </None>
    <None Include="shaders\visualize_cdepth.frag">
      <Filter>shaders</Filter>
    </None>
    <None Include="shaders\visualize_cdepth.vert">
      <Filter>shaders</Filter>
    </None>
    <None Include="shaders\visualize_depth.frag">
      <Filter>shaders</Filter>
    </None>
    <None Include="shaders\visualize_depth.vert">
      <Filter>shaders</Filter>
    </None>
    <None Include="shaders\cdepth.frag">
      <Filter>shaders</Filter>
    </None>
    <None Include="shaders\cdepth.vert">
      <Filter>shaders</Filter>
    </None>
    <None Include="shaders\cdepth_skinned.vert">
      <Filter>shaders</Filter>
    </None>
    <None Include="shaders\cdepth_skinned_lbs.vert">
      <Filter>shaders</Filter>
    </None>
    <None Include="shaders\cmesh_bone_dlight.frag">
      <Filter>shaders</Filter>
    </None>
    <None Include="shaders\cmesh_bone_dlight.vert">
      <Filter>shaders</Filter>
    </None>
    <None Include="shaders\cmesh_bone_dlight_lbs.vert">
      <Filter>shaders</Filter>
    </None>
    <None Include="shaders\cmesh_dlight.frag">
      <Filter>shaders</Filter>
    </None>
    <None Include="shaders\cmesh_dlight.vert">
      <Filter>shaders</Filter>
    </None>
    <None Include="shaders\common_include.frag">
      <Filter>shaders</Filter>
    </None>
    <None Include="shaders\cpoints.frag">
      <Filter>shaders</Filter>
    </None>
    <None Include="shaders\cpoints.vert">
      <Filter>shaders</Filter>
    </None>
    <None Include="shaders\depth.frag">
      <Filter>shaders</Filter>
    </None>
    <None Include="shaders\depth.vert">
      <Filter>shaders</Filter>
    </None>
    <None Include="shaders\depth_skinned.vert">
      <Filter>shaders</Filter>
    </None>
    <None Include="shaders\depth_skinned_lbs.vert">
      <Filter>shaders</Filter>
    </None>
    <None Include="shaders\downsample2.frag">
      <Filter>shaders</Filter>
    </None>
    <None Include="shaders\downsample2_integ.frag">
      <Filter>shaders</Filter>
    </None>
    <None Include="shaders\downsample4.frag">
      <Filter>shaders</Filter>
    </None>
    <None Include="shaders\downsample4_integ.frag">
      <Filter>shaders</Filter>
    </None>
    <None Include="shaders\fullscreen_null.frag">
      <Filter>shaders</Filter>
    </None>
    <None Include="shaders\residue_calc.vert">
      <Filter>shaders</Filter>
    </None>
  </ItemGroup>
</Project>