<?xml version="1.0" encoding="utf-8"?>
<Project ToolsVersion="4.0" xmlns="http://schemas.microsoft.com/developer/msbuild/2003">
  <ItemGroup>
    <Filter Include="src">
      <UniqueIdentifier>{7ccaf4a7-2f0f-470b-b5d4-9b2487744f0c}</UniqueIdentifier>
    </Filter>
    <Filter Include="src\main">
      <UniqueIdentifier>{d87b7021-a3b4-494b-9854-fe2d997df649}</UniqueIdentifier>
    </Filter>
    <Filter Include="src\math">
      <UniqueIdentifier>{ea98ceb4-0f85-45e1-9f57-04da23cebb65}</UniqueIdentifier>
    </Filter>
  </ItemGroup>
  <ItemGroup>
    <ClCompile Include="src\math\optimization_test_functions.cpp">
      <Filter>src\math</Filter>
    </ClCompile>
    <ClCompile Include="src\main\main_test_optimization.cpp">
      <Filter>src\main</Filter>
    </ClCompile>
  </ItemGroup>
  <ItemGroup>
    <ClInclude Include="src\math\optimization_test_functions.h">
      <Filter>src\math</Filter>
    </ClInclude>
  </ItemGroup>
</Project>