
Microsoft Visual Studio Solution File, Format Version 12.00
# Visual Studio 2012
Project("{8BC9CEB8-8B4A-11D0-8D11-00A0C91BC942}") = "HandFit", "HandFit.vcxproj", "{FA1F90EF-6346-4108-9BD6-7D86092FBEC6}"
EndProject
Project("{8BC9CEB8-8B4A-11D0-8D11-00A0C91BC942}") = "HandPose", "HandPose.vcxproj", "{08B44599-7382-4FDD-87D0-7F263CB9BE58}"
EndProject
Project("{8BC9CEB8-8B4A-11D0-8D11-00A0C91BC942}") = "TestLM", "TestLM.vcxproj", "{916ED054-3630-41FB-B844-EF6FF10B92F3}"
EndProject
Project("{8BC9CEB8-8B4A-11D0-8D11-00A0C91BC942}") = "TestNM", "TestNM.vcxproj", "{082BB0ED-5830-4290-A901-833E9FACE472}"
EndProject
Project("{8BC9CEB8-8B4A-11D0-8D11-00A0C91BC942}") = "TestDE", "TestDE.vcxproj", "{68DB2D36-B2A4-4A3E-A556-29C3F0293525}"
EndProject
Project("{8BC9CEB8-8B4A-11D0-8D11-00A0C91BC942}") = "TestPSO", "TestPSO.vcxproj", "{9BFF45B7-3B48-4CA7-A36D-13517B10C008}"
EndProject
Project("{8BC9CEB8-8B4A-11D0-8D11-00A0C91BC942}") = "TestLPRPSO", "TestLPRPSO.vcxproj", "{33DC8F5A-73AF-41DD-A03B-2947042174C8}"
EndProject
Project("{8BC9CEB8-8B4A-11D0-8D11-00A0C91BC942}") = "TestSDB", "TestSDB.vcxproj", "{09EC9475-8BA2-4582-ACC2-944C64EA6F13}"
EndProject
Project("{8BC9CEB8-8B4A-11D0-8D11-00A0C91BC942}") = "TestBFGS", "TestBFGS.vcxproj", "{54E0575D-1125-4238-A0D7-87FC63FF1380}"
EndProject
Project("{8BC9CEB8-8B4A-11D0-8D11-00A0C91BC942}") = "HandFitData", "HandFitData.vcxproj", "{12976F67-2894-40BE-A868-6936224230B5}"
EndProject
Global
	GlobalSection(SolutionConfigurationPlatforms) = preSolution
		Debug|Win32 = Debug|Win32
		Debug|x64 = Debug|x64
		Release|Win32 = Release|Win32
		Release|x64 = Release|x64
	EndGlobalSection
	GlobalSection(ProjectConfigurationPlatforms) = postSolution
		{FA1F90EF-6346-4108-9BD6-7D86092FBEC6}.Debug|Win32.ActiveCfg = Debug|Win32
		{FA1F90EF-6346-4108-9BD6-7D86092FBEC6}.Debug|Win32.Build.0 = Debug|Win32
		{FA1F90EF-6346-4108-9BD6-7D86092FBEC6}.Debug|x64.ActiveCfg = Debug|x64
		{FA1F90EF-6346-4108-9BD6-7D86092FBEC6}.Debug|x64.Build.0 = Debug|x64
		{FA1F90EF-6346-4108-9BD6-7D86092FBEC6}.Release|Win32.ActiveCfg = Release|Win32
		{FA1F90EF-6346-4108-9BD6-7D86092FBEC6}.Release|Win32.Build.0 = Release|Win32
		{FA1F90EF-6346-4108-9BD6-7D86092FBEC6}.Release|x64.ActiveCfg = Release|x64
		{FA1F90EF-6346-4108-9BD6-7D86092FBEC6}.Release|x64.Build.0 = Release|x64
		{08B44599-7382-4FDD-87D0-7F263CB9BE58}.Debug|Win32.ActiveCfg = Debug|Win32
		{08B44599-7382-4FDD-87D0-7F263CB9BE58}.Debug|x64.ActiveCfg = Debug|x64
		{08B44599-7382-4FDD-87D0-7F263CB9BE58}.Debug|x64.Build.0 = Debug|x64
		{08B44599-7382-4FDD-87D0-7F263CB9BE58}.Release|Win32.ActiveCfg = Release|Win32
		{08B44599-7382-4FDD-87D0-7F263CB9BE58}.Release|x64.ActiveCfg = Release|x64
		{08B44599-7382-4FDD-87D0-7F263CB9BE58}.Release|x64.Build.0 = Release|x64
		{916ED054-3630-41FB-B844-EF6FF10B92F3}.Debug|Win32.ActiveCfg = Debug|x64
		{916ED054-3630-41FB-B844-EF6FF10B92F3}.Debug|x64.ActiveCfg = Debug|x64
		{916ED054-3630-41FB-B844-EF6FF10B92F3}.Debug|x64.Build.0 = Debug|x64
		{916ED054-3630-41FB-B844-EF6FF10B92F3}.Release|Win32.ActiveCfg = Release|x64
		{916ED054-3630-41FB-B844-EF6FF10B92F3}.Release|x64.ActiveCfg = Release|x64
		{916ED054-3630-41FB-B844-EF6FF10B92F3}.Release|x64.Build.0 = Release|x64
		{082BB0ED-5830-4290-A901-833E9FACE472}.Debug|Win32.ActiveCfg = Debug|x64
		{082BB0ED-5830-4290-A901-833E9FACE472}.Debug|x64.ActiveCfg = Debug|x64
		{082BB0ED-5830-4290-A901-833E9FACE472}.Debug|x64.Build.0 = Debug|x64
		{082BB0ED-5830-4290-A901-833E9FACE472}.Release|Win32.ActiveCfg = Release|x64
		{082BB0ED-5830-4290-A901-833E9FACE472}.Release|x64.ActiveCfg = Release|x64
		{082BB0ED-5830-4290-A901-833E9FACE472}.Release|x64.Build.0 = Release|x64
		{68DB2D36-B2A4-4A3E-A556-29C3F0293525}.Debug|Win32.ActiveCfg = Debug|x64
		{68DB2D36-B2A4-4A3E-A556-29C3F0293525}.Debug|x64.ActiveCfg = Debug|x64
		{68DB2D36-B2A4-4A3E-A556-29C3F0293525}.Debug|x64.Build.0 = Debug|x64
		{68DB2D36-B2A4-4A3E-A556-29C3F0293525}.Release|Win32.ActiveCfg = Release|x64
		{68DB2D36-B2A4-4A3E-A556-29C3F0293525}.Release|x64.ActiveCfg = Release|x64
		{68DB2D36-B2A4-4A3E-A556-29C3F0293525}.Release|x64.Build.0 = Release|x64
		{9BFF45B7-3B48-4CA7-A36D-13517B10C008}.Debug|Win32.ActiveCfg = Debug|x64
		{9BFF45B7-3B48-4CA7-A36D-13517B10C008}.Debug|x64.ActiveCfg = Debug|x64
		{9BFF45B7-3B48-4CA7-A36D-13517B10C008}.Debug|x64.Build.0 = Debug|x64
		{9BFF45B7-3B48-4CA7-A36D-13517B10C008}.Release|Win32.ActiveCfg = Release|x64
		{9BFF45B7-3B48-4CA7-A36D-13517B10C008}.Release|x64.ActiveCfg = Release|x64
		{9BFF45B7-3B48-4CA7-A36D-13517B10C008}.Release|x64.Build.0 = Release|x64
		{33DC8F5A-73AF-41DD-A03B-2947042174C8}.Debug|Win32.ActiveCfg = Debug|x64
		{33DC8F5A-73AF-41DD-A03B-2947042174C8}.Debug|x64.ActiveCfg = Debug|x64
		{33DC8F5A-73AF-41DD-A03B-2947042174C8}.Debug|x64.Build.0 = Debug|x64
		{33DC8F5A-73AF-41DD-A03B-2947042174C8}.Release|Win32.ActiveCfg = Release|x64
		{33DC8F5A-73AF-41DD-A03B-2947042174C8}.Release|x64.ActiveCfg = Release|x64
		{33DC8F5A-73AF-41DD-A03B-2947042174C8}.Release|x64.Build.0 = Release|x64
		{09EC9475-8BA2-4582-ACC2-944C64EA6F13}.Debug|Win32.ActiveCfg = Debug|Win32
		{09EC9475-8BA2-4582-ACC2-944C64EA6F13}.Debug|Win32.Build.0 = Debug|Win32
		{09EC9475-8BA2-4582-ACC2-944C64EA6F13}.Debug|x64.ActiveCfg = Debug|x64
		{09EC9475-8BA2-4582-ACC2-944C64EA6F13}.Debug|x64.Build.0 = Debug|x64
		{09EC9475-8BA2-4582-ACC2-944C64EA6F13}.Release|Win32.ActiveCfg = Release|Win32
		{09EC9475-8BA2-4582-ACC2-944C64EA6F13}.Release|Win32.Build.0 = Release|Win32
		{09EC9475-8BA2-4582-ACC2-944C64EA6F13}.Release|x64.ActiveCfg = Release|x64
		{09EC9475-8BA2-4582-ACC2-944C64EA6F13}.Release|x64.Build.0 = Release|x64
		{54E0575D-1125-4238-A0D7-87FC63FF1380}.Debug|Win32.ActiveCfg = Debug|Win32
		{54E0575D-1125-4238-A0D7-87FC63FF1380}.Debug|Win32.Build.0 = Debug|Win32
		{54E0575D-1125-4238-A0D7-87FC63FF1380}.Debug|x64.ActiveCfg = Debug|x64
		{54E0575D-1125-4238-A0D7-87FC63FF1380}.Debug|x64.Build.0 = Debug|x64
		{54E0575D-1125-4238-A0D7-87FC63FF1380}.Release|Win32.ActiveCfg = Release|Win32
		{54E0575D-1125-4238-A0D7-87FC63FF1380}.Release|Win32.Build.0 = Release|Win32
		{54E0575D-1125-4238-A0D7-87FC63FF1380}.Release|x64.ActiveCfg = Release|x64
		{54E0575D-1125-4238-A0D7-87FC63FF1380}.Release|x64.Build.0 = Release|x64
		{12976F67-2894-40BE-A868-6936224230B5}.Debug|Win32.ActiveCfg = Debug|Win32
		{12976F67-2894-40BE-A868-6936224230B5}.Debug|Win32.Build.0 = Debug|Win32
		{12976F67-2894-40BE-A868-6936224230B5}.Debug|x64.ActiveCfg = Debug|x64
		{12976F67-2894-40BE-A868-6936224230B5}.Debug|x64.Build.0 = Debug|x64
		{12976F67-2894-40BE-A868-6936224230B5}.Release|Win32.ActiveCfg = Release|Win32
		{12976F67-2894-40BE-A868-6936224230B5}.Release|Win32.Build.0 = Release|Win32
		{12976F67-2894-40BE-A868-6936224230B5}.Release|x64.ActiveCfg = Release|x64
		{12976F67-2894-40BE-A868-6936224230B5}.Release|x64.Build.0 = Release|x64
	EndGlobalSection
	GlobalSection(SolutionProperties) = preSolution
		HideSolutionNode = FALSE
	EndGlobalSection
EndGlobal
