<?xml version="1.0" encoding="utf-8"?>
<Project ToolsVersion="4.0" xmlns="http://schemas.microsoft.com/developer/msbuild/2003">
  <ItemGroup>
    <Filter Include="Source Files">
      <UniqueIdentifier>{4FC737F1-C7A5-4376-A066-2A32D752A2FF}</UniqueIdentifier>
      <Extensions>cpp;c;cc;cxx;def;odl;idl;hpj;bat;asm;asmx</Extensions>
    </Filter>
    <Filter Include="Source Files\src">
      <UniqueIdentifier>{78741596-a4dc-4fb7-8e6c-3fdf38a0d986}</UniqueIdentifier>
    </Filter>
    <Filter Include="Source Files\src\main">
      <UniqueIdentifier>{07b115b3-cd68-4389-a918-e591ca1fd010}</UniqueIdentifier>
    </Filter>
    <Filter Include="Source Files\src\hand_model">
      <UniqueIdentifier>{b3376c1f-f7e9-4abf-8dfd-ef1122eb4592}</UniqueIdentifier>
    </Filter>
    <Filter Include="Source Files\src\threading">
      <UniqueIdentifier>{26ede9dd-0efc-4789-adb3-a5cd6f3fe525}</UniqueIdentifier>
    </Filter>
    <Filter Include="Source Files\src\alignment">
      <UniqueIdentifier>{04328138-dbf1-4823-8333-b0e018f88e2b}</UniqueIdentifier>
    </Filter>
    <Filter Include="Source Files\src\clock">
      <UniqueIdentifier>{e6591354-284d-4923-b42e-861c36ae5329}</UniqueIdentifier>
    </Filter>
    <Filter Include="Source Files\src\data_str">
      <UniqueIdentifier>{47188219-ac38-4a09-a6d6-2b3f3ae6ed23}</UniqueIdentifier>
    </Filter>
    <Filter Include="Source Files\src\exceptions">
      <UniqueIdentifier>{7d660052-7090-4ef4-8b8d-4dbbd5eedde7}</UniqueIdentifier>
    </Filter>
    <Filter Include="Source Files\src\math">
      <UniqueIdentifier>{5ba11d80-c39a-4f92-bbb0-cae8d95fa31c}</UniqueIdentifier>
    </Filter>
    <Filter Include="Source Files\src\string_util">
      <UniqueIdentifier>{265f37e8-b872-4860-a0ac-4ac9ca4c2560}</UniqueIdentifier>
    </Filter>
    <Filter Include="Source Files\src\renderer">
      <UniqueIdentifier>{72199aa6-e699-42f5-bceb-0576c776889d}</UniqueIdentifier>
    </Filter>
    <Filter Include="Source Files\src\file_io">
      <UniqueIdentifier>{e44d26a4-c20e-4944-8050-b1492b7a4b02}</UniqueIdentifier>
    </Filter>
    <Filter Include="Source Files\src\renderer\camera">
      <UniqueIdentifier>{ed5af366-9dc1-4a73-aad9-4d2a8aac03b8}</UniqueIdentifier>
    </Filter>
    <Filter Include="Source Files\src\renderer\geometry">
      <UniqueIdentifier>{a0bd125d-940f-4a49-89df-fb343272267f}</UniqueIdentifier>
    </Filter>
    <Filter Include="Source Files\src\renderer\lights">
      <UniqueIdentifier>{714d4bab-1d07-4161-9830-cad7b46579c1}</UniqueIdentifier>
    </Filter>
    <Filter Include="Source Files\src\renderer\objects">
      <UniqueIdentifier>{7ec131f7-21b1-4f7f-a157-50f1dd4ec6b2}</UniqueIdentifier>
    </Filter>
    <Filter Include="Source Files\src\renderer\shader">
      <UniqueIdentifier>{58f1a638-e07d-453a-ad8c-f59b6986d999}</UniqueIdentifier>
    </Filter>
    <Filter Include="Source Files\src\renderer\texture">
      <UniqueIdentifier>{689a7b5a-be31-4450-aabd-b0003ab9b1e1}</UniqueIdentifier>
    </Filter>
    <Filter Include="Source Files\src\windowing">
      <UniqueIdentifier>{33221297-60fa-4008-8fb8-8f5e762d6582}</UniqueIdentifier>
    </Filter>
    <Filter Include="shaders">
      <UniqueIdentifier>{85e2da50-ebe2-4a02-aded-017e44bef53e}</UniqueIdentifier>
    </Filter>
    <Filter Include="Source Files\src\fastlz">
      <UniqueIdentifier>{7f7d9054-61b6-4da5-91b4-22eef34e442c}</UniqueIdentifier>
    </Filter>
    <Filter Include="Source Files\src\maxflow-v3.02">
      <UniqueIdentifier>{15243c0b-84d7-4831-bcde-52b3a4714599}</UniqueIdentifier>
    </Filter>
  </ItemGroup>
  <ItemGroup>
    <ClCompile Include="src\main\main.cpp">
      <Filter>Source Files\src\main</Filter>
    </ClCompile>
    <ClCompile Include="src\hand_model\hand_model.cpp">
      <Filter>Source Files\src\hand_model</Filter>
    </ClCompile>
    <ClCompile Include="src\threading\thread.cpp">
      <Filter>Source Files\src\threading</Filter>
    </ClCompile>
    <ClCompile Include="src\threading\thread_pool.cpp">
      <Filter>Source Files\src\threading</Filter>
    </ClCompile>
    <ClCompile Include="src\data_str\hash_funcs.cpp">
      <Filter>Source Files\src\data_str</Filter>
    </ClCompile>
    <ClCompile Include="src\exceptions\wruntime_error.cpp">
      <Filter>Source Files\src\exceptions</Filter>
    </ClCompile>
    <ClCompile Include="src\math\math_base.cpp">
      <Filter>Source Files\src\math</Filter>
    </ClCompile>
    <ClCompile Include="src\string_util\string_util.cpp">
      <Filter>Source Files\src\string_util</Filter>
    </ClCompile>
    <ClCompile Include="src\file_io\file_io.cpp">
      <Filter>Source Files\src\file_io</Filter>
    </ClCompile>
    <ClCompile Include=".\src\math\de_fitting.cpp">
      <Filter>Source Files\src\math</Filter>
    </ClCompile>
    <ClCompile Include=".\src\math\lm_fitting.cpp">
      <Filter>Source Files\src\math</Filter>
    </ClCompile>
    <ClCompile Include=".\src\math\nm_fitting.cpp">
      <Filter>Source Files\src\math</Filter>
    </ClCompile>
    <ClCompile Include="src\math\pso_fitting.cpp">
      <Filter>Source Files\src\math</Filter>
    </ClCompile>
    <ClCompile Include="src\math\lprpso_fitting.cpp">
      <Filter>Source Files\src\math</Filter>
    </ClCompile>
    <ClCompile Include="src\math\common_fitting.cpp">
      <Filter>Source Files\src\math</Filter>
    </ClCompile>
    <ClCompile Include="src\hand_model\hand_model_renderer.cpp">
      <Filter>Source Files\src\hand_model</Filter>
    </ClCompile>
    <ClCompile Include="src\renderer\colors.cpp">
      <Filter>Source Files\src\renderer</Filter>
    </ClCompile>
    <ClCompile Include="src\renderer\open_gl_common.cpp">
      <Filter>Source Files\src\renderer</Filter>
    </ClCompile>
    <ClCompile Include="src\renderer\renderer.cpp">
      <Filter>Source Files\src\renderer</Filter>
    </ClCompile>
    <ClCompile Include="src\renderer\texture\texture.cpp">
      <Filter>Source Files\src\renderer\texture</Filter>
    </ClCompile>
    <ClCompile Include="src\renderer\texture\texture_renderable.cpp">
      <Filter>Source Files\src\renderer\texture</Filter>
    </ClCompile>
    <ClCompile Include="src\renderer\shader\shader_program.cpp">
      <Filter>Source Files\src\renderer\shader</Filter>
    </ClCompile>
    <ClCompile Include="src\renderer\shader\shader.cpp">
      <Filter>Source Files\src\renderer\shader</Filter>
    </ClCompile>
    <ClCompile Include="src\renderer\objects\aabbox.cpp">
      <Filter>Source Files\src\renderer\objects</Filter>
    </ClCompile>
    <ClCompile Include="src\renderer\lights\light.cpp">
      <Filter>Source Files\src\renderer\lights</Filter>
    </ClCompile>
    <ClCompile Include="src\renderer\lights\light_dir.cpp">
      <Filter>Source Files\src\renderer\lights</Filter>
    </ClCompile>
    <ClCompile Include="src\renderer\lights\light_dir_handles.cpp">
      <Filter>Source Files\src\renderer\lights</Filter>
    </ClCompile>
    <ClCompile Include="src\renderer\geometry\geometry_points.cpp">
      <Filter>Source Files\src\renderer\geometry</Filter>
    </ClCompile>
    <ClCompile Include="src\renderer\geometry\geometry_vertices.cpp">
      <Filter>Source Files\src\renderer\geometry</Filter>
    </ClCompile>
    <ClCompile Include="src\renderer\geometry\geometry.cpp">
      <Filter>Source Files\src\renderer\geometry</Filter>
    </ClCompile>
    <ClCompile Include="src\renderer\geometry\geometry_colored_mesh.cpp">
      <Filter>Source Files\src\renderer\geometry</Filter>
    </ClCompile>
    <ClCompile Include="src\renderer\camera\camera.cpp">
      <Filter>Source Files\src\renderer\camera</Filter>
    </ClCompile>
    <ClCompile Include="src\windowing\window.cpp">
      <Filter>Source Files\src\windowing</Filter>
    </ClCompile>
    <ClCompile Include="src\windowing\window_settings.cpp">
      <Filter>Source Files\src\windowing</Filter>
    </ClCompile>
    <ClCompile Include="src\renderer\geometry\geometry_colored_points.cpp">
      <Filter>Source Files\src\renderer\geometry</Filter>
    </ClCompile>
    <ClCompile Include="src\hand_model\hand_model_fit.cpp">
      <Filter>Source Files\src\hand_model</Filter>
    </ClCompile>
    <ClCompile Include="src\fastlz\fastlz.c">
      <Filter>Source Files\src\fastlz</Filter>
    </ClCompile>
    <ClCompile Include="src\renderer\texture\texture_utils.cpp">
      <Filter>Source Files\src\renderer\texture</Filter>
    </ClCompile>
    <ClCompile Include="src\file_io\csv_handle.cpp">
      <Filter>Source Files\src\file_io</Filter>
    </ClCompile>
    <ClCompile Include="src\file_io\csv_handle_read.cpp">
      <Filter>Source Files\src\file_io</Filter>
    </ClCompile>
    <ClCompile Include="src\file_io\csv_handle_write.cpp">
      <Filter>Source Files\src\file_io</Filter>
    </ClCompile>
    <ClCompile Include="..\HandForests\src\depth_images_io.cpp">
      <Filter>Source Files\src</Filter>
    </ClCompile>
    <ClCompile Include="..\HandForests\src\maxflow-v3.02\graph.cpp">
      <Filter>Source Files\src\maxflow-v3.02</Filter>
    </ClCompile>
    <ClCompile Include="..\HandForests\src\maxflow-v3.02\maxflow.cpp">
      <Filter>Source Files\src\maxflow-v3.02</Filter>
    </ClCompile>
    <ClCompile Include="src\renderer\geometry\geometry_textured_mesh.cpp">
      <Filter>Source Files\src\renderer\geometry</Filter>
    </ClCompile>
    <ClCompile Include="src\renderer\geometry\geometry_textured_boned_mesh.cpp">
      <Filter>Source Files\src\renderer\geometry</Filter>
    </ClCompile>
    <ClCompile Include="src\renderer\geometry\geometry_manager.cpp">
      <Filter>Source Files\src\renderer\geometry</Filter>
    </ClCompile>
    <ClCompile Include="src\hand_model\hand_model_geometry_mesh.cpp">
      <Filter>Source Files\src\hand_model</Filter>
    </ClCompile>
    <ClCompile Include="src\hand_model\hand_model_geometry_simple.cpp">
      <Filter>Source Files\src\hand_model</Filter>
    </ClCompile>
    <ClCompile Include="src\open_ni_funcs.cpp">
      <Filter>Source Files\src</Filter>
    </ClCompile>
    <ClCompile Include="src\renderer\geometry\bone_info.cpp">
      <Filter>Source Files\src\renderer\geometry</Filter>
    </ClCompile>
    <ClCompile Include="src\renderer\geometry\vertex_bone_data.cpp">
      <Filter>Source Files\src\renderer\geometry</Filter>
    </ClCompile>
    <ClCompile Include="src\renderer\geometry\geometry_colored_boned_mesh.cpp">
      <Filter>Source Files\src\renderer\geometry</Filter>
    </ClCompile>
    <ClCompile Include="src\hand_model\bounding_sphere.cpp">
      <Filter>Source Files\src\hand_model</Filter>
    </ClCompile>
    <ClCompile Include="src\math\sdb_fitting.cpp">
      <Filter>Source Files\src\math</Filter>
    </ClCompile>
    <ClCompile Include="src\math\bfgs_fitting.cpp">
      <Filter>Source Files\src\math</Filter>
    </ClCompile>
    <ClCompile Include="src\math\lprpso_fitting_hands.cpp">
      <Filter>Source Files\src\math</Filter>
    </ClCompile>
    <ClCompile Include="src\renderer\gl_state.cpp">
      <Filter>Source Files\src\renderer</Filter>
    </ClCompile>
  </ItemGroup>
  <ItemGroup>
    <ClInclude Include="src\hand_model\hand_model.h">
      <Filter>Source Files\src\hand_model</Filter>
    </ClInclude>
    <ClInclude Include="src\threading\callback_queue.h">
      <Filter>Source Files\src\threading</Filter>
    </ClInclude>
    <ClInclude Include="src\threading\callback_queue_item.h">
      <Filter>Source Files\src\threading</Filter>
    </ClInclude>
    <ClInclude Include="src\threading\thread.h">
      <Filter>Source Files\src\threading</Filter>
    </ClInclude>
    <ClInclude Include="src\threading\thread_pool.h">
      <Filter>Source Files\src\threading</Filter>
    </ClInclude>
    <ClInclude Include="src\threading\callback.h">
      <Filter>Source Files\src\threading</Filter>
    </ClInclude>
    <ClInclude Include="src\threading\callback_instances.h">
      <Filter>Source Files\src\threading</Filter>
    </ClInclude>
    <ClInclude Include="src\alignment\data_align.h">
      <Filter>Source Files\src\alignment</Filter>
    </ClInclude>
    <ClInclude Include="src\clock\clock.h">
      <Filter>Source Files\src\clock</Filter>
    </ClInclude>
    <ClInclude Include="src\data_str\hash_map.h">
      <Filter>Source Files\src\data_str</Filter>
    </ClInclude>
    <ClInclude Include="src\data_str\hash_map_managed.h">
      <Filter>Source Files\src\data_str</Filter>
    </ClInclude>
    <ClInclude Include="src\data_str\hash_set.h">
      <Filter>Source Files\src\data_str</Filter>
    </ClInclude>
    <ClInclude Include="src\data_str\min_heap.h">
      <Filter>Source Files\src\data_str</Filter>
    </ClInclude>
    <ClInclude Include="src\data_str\pair.h">
      <Filter>Source Files\src\data_str</Filter>
    </ClInclude>
    <ClInclude Include="src\data_str\vector.h">
      <Filter>Source Files\src\data_str</Filter>
    </ClInclude>
    <ClInclude Include="src\data_str\vector_managed.h">
      <Filter>Source Files\src\data_str</Filter>
    </ClInclude>
    <ClInclude Include="src\data_str\circular_buffer.h">
      <Filter>Source Files\src\data_str</Filter>
    </ClInclude>
    <ClInclude Include="src\data_str\hash_funcs.h">
      <Filter>Source Files\src\data_str</Filter>
    </ClInclude>
    <ClInclude Include="src\exceptions\wruntime_error.h">
      <Filter>Source Files\src\exceptions</Filter>
    </ClInclude>
    <ClInclude Include="src\math\math_base.h">
      <Filter>Source Files\src\math</Filter>
    </ClInclude>
    <ClInclude Include="src\math\math_types.h">
      <Filter>Source Files\src\math</Filter>
    </ClInclude>
    <ClInclude Include="src\math\plane.h">
      <Filter>Source Files\src\math</Filter>
    </ClInclude>
    <ClInclude Include="src\math\quat.h">
      <Filter>Source Files\src\math</Filter>
    </ClInclude>
    <ClInclude Include="src\math\vec2.h">
      <Filter>Source Files\src\math</Filter>
    </ClInclude>
    <ClInclude Include="src\math\vec3.h">
      <Filter>Source Files\src\math</Filter>
    </ClInclude>
    <ClInclude Include="src\math\vec4.h">
      <Filter>Source Files\src\math</Filter>
    </ClInclude>
    <ClInclude Include="src\math\mat2x2.h">
      <Filter>Source Files\src\math</Filter>
    </ClInclude>
    <ClInclude Include="src\math\mat3x3.h">
      <Filter>Source Files\src\math</Filter>
    </ClInclude>
    <ClInclude Include="src\math\mat4x4.h">
      <Filter>Source Files\src\math</Filter>
    </ClInclude>
    <ClInclude Include="src\string_util\string_util.h">
      <Filter>Source Files\src\string_util</Filter>
    </ClInclude>
    <ClInclude Include="src\string_util\win32_debug_buffer.h">
      <Filter>Source Files\src\string_util</Filter>
    </ClInclude>
    <ClInclude Include="src\file_io\file_io.h">
      <Filter>Source Files\src\file_io</Filter>
    </ClInclude>
    <ClInclude Include=".\src\math\de_fitting.h">
      <Filter>Source Files\src\math</Filter>
    </ClInclude>
    <ClInclude Include=".\src\math\lm_fitting.h">
      <Filter>Source Files\src\math</Filter>
    </ClInclude>
    <ClInclude Include=".\src\math\nm_fitting.h">
      <Filter>Source Files\src\math</Filter>
    </ClInclude>
    <ClInclude Include=".\src\math\common_fitting.h">
      <Filter>Source Files\src\math</Filter>
    </ClInclude>
    <ClInclude Include="src\math\pso_fitting.h">
      <Filter>Source Files\src\math</Filter>
    </ClInclude>
    <ClInclude Include="src\math\lprpso_fitting.h">
      <Filter>Source Files\src\math</Filter>
    </ClInclude>
    <ClInclude Include="src\hand_model\hand_model_renderer.h">
      <Filter>Source Files\src\hand_model</Filter>
    </ClInclude>
    <ClInclude Include="src\renderer\colors.h">
      <Filter>Source Files\src\renderer</Filter>
    </ClInclude>
    <ClInclude Include="src\renderer\open_gl_common.h">
      <Filter>Source Files\src\renderer</Filter>
    </ClInclude>
    <ClInclude Include="src\renderer\renderer.h">
      <Filter>Source Files\src\renderer</Filter>
    </ClInclude>
    <ClInclude Include="src\renderer\texture\texture_renderable.h">
      <Filter>Source Files\src\renderer\texture</Filter>
    </ClInclude>
    <ClInclude Include="src\renderer\texture\texture.h">
      <Filter>Source Files\src\renderer\texture</Filter>
    </ClInclude>
    <ClInclude Include="src\renderer\shader\shader_program.h">
      <Filter>Source Files\src\renderer\shader</Filter>
    </ClInclude>
    <ClInclude Include="src\renderer\shader\shader.h">
      <Filter>Source Files\src\renderer\shader</Filter>
    </ClInclude>
    <ClInclude Include="src\renderer\shader\shader_location_name_pair.h">
      <Filter>Source Files\src\renderer\shader</Filter>
    </ClInclude>
    <ClInclude Include="src\renderer\objects\aabbox.h">
      <Filter>Source Files\src\renderer\objects</Filter>
    </ClInclude>
    <ClInclude Include="src\renderer\lights\light_dir_handles.h">
      <Filter>Source Files\src\renderer\lights</Filter>
    </ClInclude>
    <ClInclude Include="src\renderer\lights\light.h">
      <Filter>Source Files\src\renderer\lights</Filter>
    </ClInclude>
    <ClInclude Include="src\renderer\lights\light_dir.h">
      <Filter>Source Files\src\renderer\lights</Filter>
    </ClInclude>
    <ClInclude Include="src\renderer\geometry\geometry_colored_mesh.h">
      <Filter>Source Files\src\renderer\geometry</Filter>
    </ClInclude>
    <ClInclude Include="src\renderer\geometry\geometry_points.h">
      <Filter>Source Files\src\renderer\geometry</Filter>
    </ClInclude>
    <ClInclude Include="src\renderer\geometry\geometry_vertices.h">
      <Filter>Source Files\src\renderer\geometry</Filter>
    </ClInclude>
    <ClInclude Include="src\renderer\geometry\geometry.h">
      <Filter>Source Files\src\renderer\geometry</Filter>
    </ClInclude>
    <ClInclude Include="src\renderer\camera\camera.h">
      <Filter>Source Files\src\renderer\camera</Filter>
    </ClInclude>
    <ClInclude Include="src\windowing\keys_and_buttons.h">
      <Filter>Source Files\src\windowing</Filter>
    </ClInclude>
    <ClInclude Include="src\windowing\window.h">
      <Filter>Source Files\src\windowing</Filter>
    </ClInclude>
    <ClInclude Include="src\windowing\window_settings.h">
      <Filter>Source Files\src\windowing</Filter>
    </ClInclude>
    <ClInclude Include="src\windowing\glfw.h">
      <Filter>Source Files\src\windowing</Filter>
    </ClInclude>
    <ClInclude Include="src\renderer\geometry\geometry_colored_points.h">
      <Filter>Source Files\src\renderer\geometry</Filter>
    </ClInclude>
    <ClInclude Include="src\hand_model\hand_model_fit.h">
      <Filter>Source Files\src\hand_model</Filter>
    </ClInclude>
    <ClInclude Include="src\fastlz\fastlz.h">
      <Filter>Source Files\src\fastlz</Filter>
    </ClInclude>
    <ClInclude Include="src\renderer\texture\texture_utils.h">
      <Filter>Source Files\src\renderer\texture</Filter>
    </ClInclude>
    <ClInclude Include="src\file_io\csv_handle_write.h">
      <Filter>Source Files\src\file_io</Filter>
    </ClInclude>
    <ClInclude Include="src\file_io\csv_handle.h">
      <Filter>Source Files\src\file_io</Filter>
    </ClInclude>
    <ClInclude Include="src\file_io\csv_handle_read.h">
      <Filter>Source Files\src\file_io</Filter>
    </ClInclude>
    <ClInclude Include="..\HandForests\src\depth_images_io.h">
      <Filter>Source Files\src</Filter>
    </ClInclude>
    <ClInclude Include="..\HandForests\src\image_data.h">
      <Filter>Source Files\src</Filter>
    </ClInclude>
    <ClInclude Include="..\HandForests\src\image_util.h">
      <Filter>Source Files\src</Filter>
    </ClInclude>
    <ClInclude Include="..\HandForests\src\maxflow-v3.02\block.h">
      <Filter>Source Files\src\maxflow-v3.02</Filter>
    </ClInclude>
    <ClInclude Include="..\HandForests\src\maxflow-v3.02\graph.h">
      <Filter>Source Files\src\maxflow-v3.02</Filter>
    </ClInclude>
    <ClInclude Include="src\hand_model\hand_model_geometry.h">
      <Filter>Source Files\src\hand_model</Filter>
    </ClInclude>
    <ClInclude Include="src\renderer\geometry\geometry_textured_mesh.h">
      <Filter>Source Files\src\renderer\geometry</Filter>
    </ClInclude>
    <ClInclude Include="src\renderer\geometry\geometry_manager.h">
      <Filter>Source Files\src\renderer\geometry</Filter>
    </ClInclude>
    <ClInclude Include="src\renderer\geometry\geometry_textured_boned_mesh.h">
      <Filter>Source Files\src\renderer\geometry</Filter>
    </ClInclude>
    <ClInclude Include="src\hand_model\hand_model_geometry_simple.h">
      <Filter>Source Files\src\hand_model</Filter>
    </ClInclude>
    <ClInclude Include="src\hand_model\hand_model_geometry_mesh.h">
      <Filter>Source Files\src\hand_model</Filter>
    </ClInclude>
    <ClInclude Include="src\open_ni_funcs.h">
      <Filter>Source Files\src</Filter>
    </ClInclude>
    <ClInclude Include="src\renderer\geometry\vertex_bone_data.h">
      <Filter>Source Files\src\renderer\geometry</Filter>
    </ClInclude>
    <ClInclude Include="src\renderer\geometry\bone_info.h">
      <Filter>Source Files\src\renderer\geometry</Filter>
    </ClInclude>
    <ClInclude Include="src\renderer\geometry\geometry_colored_boned_mesh.h">
      <Filter>Source Files\src\renderer\geometry</Filter>
    </ClInclude>
    <ClInclude Include="src\hand_model\bounding_sphere.h">
      <Filter>Source Files\src\hand_model</Filter>
    </ClInclude>
    <ClInclude Include="src\math\sdb_fitting.h">
      <Filter>Source Files\src\math</Filter>
    </ClInclude>
    <ClInclude Include="src\math\bfgs_fitting.h">
      <Filter>Source Files\src\math</Filter>
    </ClInclude>
    <ClInclude Include="src\math\lprpso_fitting_hands.h">
      <Filter>Source Files\src\math</Filter>
    </ClInclude>
    <ClInclude Include="src\renderer\gl_state.h">
      <Filter>Source Files\src\renderer</Filter>
    </ClInclude>
  </ItemGroup>
  <ItemGroup>
    <None Include="shaders\depth.vert">
      <Filter>shaders</Filter>
    </None>
    <None Include="shaders\depth_skinned.vert">
      <Filter>shaders</Filter>
    </None>
    <None Include="shaders\depth_skinned_lbs.vert">
      <Filter>shaders</Filter>
    </None>
    <None Include="shaders\downsample2.frag">
      <Filter>shaders</Filter>
    </None>
    <None Include="shaders\downsample2_integ.frag">
      <Filter>shaders</Filter>
    </None>
    <None Include="shaders\downsample4.frag">
      <Filter>shaders</Filter>
    </None>
    <None Include="shaders\downsample4_integ.frag">
      <Filter>shaders</Filter>
    </None>
    <None Include="shaders\fullscreen_null.frag">
      <Filter>shaders</Filter>
    </None>
    <None Include="shaders\fullscreen_quad.frag">
      <Filter>shaders</Filter>
    </None>
    <None Include="shaders\fullscreen_quad.vert">
      <Filter>shaders</Filter>
    </None>
    <None Include="shaders\points.frag">
      <Filter>shaders</Filter>
    </None>
    <None Include="shaders\points.vert">
      <Filter>shaders</Filter>
    </None>
    <None Include="shaders\residue_calc.frag">
      <Filter>shaders</Filter>
    </None>
    <None Include="shaders\tmesh_bone_dlight.frag">
      <Filter>shaders</Filter>
    </None>
    <None Include="shaders\tmesh_bone_dlight.vert">
      <Filter>shaders</Filter>
    </None>
    <None Include="shaders\tmesh_bone_dlight_lbs.vert">
      <Filter>shaders</Filter>
    </None>
    <None Include="shaders\tmesh_dlight.frag">
      <Filter>shaders</Filter>
    </None>
    <None Include="shaders\tmesh_dlight.vert">
      <Filter>shaders</Filter>
    </None>
    <None Include="shaders\visualize_cdepth.frag">
      <Filter>shaders</Filter>
    </None>
    <None Include="shaders\visualize_cdepth.vert">
      <Filter>shaders</Filter>
    </None>
    <None Include="shaders\visualize_depth.frag">
      <Filter>shaders</Filter>
    </None>
    <None Include="shaders\visualize_depth.vert">
      <Filter>shaders</Filter>
    </None>
    <None Include="shaders\cdepth.frag">
      <Filter>shaders</Filter>
    </None>
    <None Include="shaders\cdepth.vert">
      <Filter>shaders</Filter>
    </None>
    <None Include="shaders\cdepth_skinned.vert">
      <Filter>shaders</Filter>
    </None>
    <None Include="shaders\cdepth_skinned_lbs.vert">
      <Filter>shaders</Filter>
    </None>
    <None Include="shaders\cmesh_bone_dlight.frag">
      <Filter>shaders</Filter>
    </None>
    <None Include="shaders\cmesh_bone_dlight.vert">
      <Filter>shaders</Filter>
    </None>
    <None Include="shaders\cmesh_bone_dlight_lbs.vert">
      <Filter>shaders</Filter>
    </None>
    <None Include="shaders\cmesh_dlight.frag">
      <Filter>shaders</Filter>
    </None>
    <None Include="shaders\cmesh_dlight.vert">
      <Filter>shaders</Filter>
    </None>
    <None Include="shaders\common_include.frag">
      <Filter>shaders</Filter>
    </None>
    <None Include="shaders\cpoints.frag">
      <Filter>shaders</Filter>
    </None>
    <None Include="shaders\cpoints.vert">
      <Filter>shaders</Filter>
    </None>
    <None Include="shaders\depth.frag">
      <Filter>shaders</Filter>
    </None>
    <None Include="shaders\residue_calc.vert">
      <Filter>shaders</Filter>
    </None>
    <None Include="shaders\residue_calc_bak.frag">
      <Filter>shaders</Filter>
    </None>
    <None Include="shaders\downsample5_integ.frag">
      <Filter>shaders</Filter>
    </None>
  </ItemGroup>
</Project>