<?xml version="1.0" encoding="utf-8"?>
<Project ToolsVersion="4.0" xmlns="http://schemas.microsoft.com/developer/msbuild/2003">
  <ItemGroup>
    <Filter Include="Resource Files">
      <UniqueIdentifier>{67DA6AB6-F800-4c08-8B7A-83BB121AAD01}</UniqueIdentifier>
      <Extensions>rc;ico;cur;bmp;dlg;rc2;rct;bin;rgs;gif;jpg;jpeg;jpe;resx;tiff;tif;png;wav;mfcribbon-ms</Extensions>
    </Filter>
    <Filter Include="src">
      <UniqueIdentifier>{54327576-6477-4ca1-a60d-22305f1622ac}</UniqueIdentifier>
    </Filter>
    <Filter Include="src\alignment">
      <UniqueIdentifier>{10086163-c99c-4a9f-af28-6185a15064e0}</UniqueIdentifier>
    </Filter>
    <Filter Include="src\app">
      <UniqueIdentifier>{d06fde08-98a7-4441-9ec1-b78632bf22a3}</UniqueIdentifier>
    </Filter>
    <Filter Include="src\clock">
      <UniqueIdentifier>{b2b51d81-22f4-4ad3-9375-bb5d4be5aed8}</UniqueIdentifier>
    </Filter>
    <Filter Include="src\data_str">
      <UniqueIdentifier>{8bca1010-e87d-46b1-9b87-7b2410dd19b8}</UniqueIdentifier>
    </Filter>
    <Filter Include="src\kinect_interface">
      <UniqueIdentifier>{0fc8c920-c599-468c-86f3-dc95898f31d8}</UniqueIdentifier>
    </Filter>
    <Filter Include="src\main">
      <UniqueIdentifier>{bd30e692-6c4e-434b-b80a-18226c16b79d}</UniqueIdentifier>
    </Filter>
    <Filter Include="src\math">
      <UniqueIdentifier>{76690406-f056-430c-85be-91f8cbc892d2}</UniqueIdentifier>
    </Filter>
    <Filter Include="src\rendering">
      <UniqueIdentifier>{6c685b46-c24c-4cdd-9adc-8d4747619fba}</UniqueIdentifier>
    </Filter>
    <Filter Include="src\shared_memory">
      <UniqueIdentifier>{5b8ae5b7-8d4f-449a-9d95-83cfd739bb92}</UniqueIdentifier>
    </Filter>
    <Filter Include="src\string_util">
      <UniqueIdentifier>{d4521352-5c85-491e-bf90-02d5efbd2ae2}</UniqueIdentifier>
    </Filter>
    <Filter Include="src\windowing">
      <UniqueIdentifier>{821af9f1-7116-40b4-8d9e-e5ca5e3e89da}</UniqueIdentifier>
    </Filter>
    <Filter Include="src\zmq">
      <UniqueIdentifier>{6b24c59e-1070-4d60-9c7a-ff3e6d106da8}</UniqueIdentifier>
    </Filter>
    <Filter Include="src\file_io">
      <UniqueIdentifier>{52a4b9db-5f22-409f-b171-30bbce08cab5}</UniqueIdentifier>
    </Filter>
    <Filter Include="src\threading">
      <UniqueIdentifier>{d6aac7d9-1fc9-425b-b84c-ec600b89aea3}</UniqueIdentifier>
    </Filter>
    <Filter Include="src\HandForest">
      <UniqueIdentifier>{e01a62d6-7502-4ce7-a98e-e38eaebf578f}</UniqueIdentifier>
    </Filter>
    <Filter Include="src\exceptions">
      <UniqueIdentifier>{265be7d8-6a37-476f-b67d-7488eda8f155}</UniqueIdentifier>
    </Filter>
    <Filter Include="src\fastlz">
      <UniqueIdentifier>{6da060e9-57de-49e3-8918-d5aac5782efb}</UniqueIdentifier>
    </Filter>
  </ItemGroup>
  <ItemGroup>
    <ClInclude Include="src\alignment\data_align.h">
      <Filter>src\alignment</Filter>
    </ClInclude>
    <ClInclude Include="src\app\app.h">
      <Filter>src\app</Filter>
    </ClInclude>
    <ClInclude Include="src\clock\clock.h">
      <Filter>src\clock</Filter>
    </ClInclude>
    <ClInclude Include="src\data_str\circular_buffer.h">
      <Filter>src\data_str</Filter>
    </ClInclude>
    <ClInclude Include="src\data_str\hash_funcs.h">
      <Filter>src\data_str</Filter>
    </ClInclude>
    <ClInclude Include="src\data_str\hash_map.h">
      <Filter>src\data_str</Filter>
    </ClInclude>
    <ClInclude Include="src\data_str\hash_set.h">
      <Filter>src\data_str</Filter>
    </ClInclude>
    <ClInclude Include="src\data_str\pair.h">
      <Filter>src\data_str</Filter>
    </ClInclude>
    <ClInclude Include="src\data_str\vector.h">
      <Filter>src\data_str</Filter>
    </ClInclude>
    <ClInclude Include="src\kinect_interface\hand_statistics.h">
      <Filter>src\kinect_interface</Filter>
    </ClInclude>
    <ClInclude Include="src\kinect_interface\kinect_interface.h">
      <Filter>src\kinect_interface</Filter>
    </ClInclude>
    <ClInclude Include="src\math\mat2x2.h">
      <Filter>src\math</Filter>
    </ClInclude>
    <ClInclude Include="src\math\mat3x3.h">
      <Filter>src\math</Filter>
    </ClInclude>
    <ClInclude Include="src\math\mat4x4.h">
      <Filter>src\math</Filter>
    </ClInclude>
    <ClInclude Include="src\math\math_base.h">
      <Filter>src\math</Filter>
    </ClInclude>
    <ClInclude Include="src\math\math_types.h">
      <Filter>src\math</Filter>
    </ClInclude>
    <ClInclude Include="src\math\plane.h">
      <Filter>src\math</Filter>
    </ClInclude>
    <ClInclude Include="src\math\quat.h">
      <Filter>src\math</Filter>
    </ClInclude>
    <ClInclude Include="src\math\vec2.h">
      <Filter>src\math</Filter>
    </ClInclude>
    <ClInclude Include="src\math\vec3.h">
      <Filter>src\math</Filter>
    </ClInclude>
    <ClInclude Include="src\math\vec4.h">
      <Filter>src\math</Filter>
    </ClInclude>
    <ClInclude Include="src\rendering\effects.h">
      <Filter>src\rendering</Filter>
    </ClInclude>
    <ClInclude Include="src\shared_memory\shmem.h">
      <Filter>src\shared_memory</Filter>
    </ClInclude>
    <ClInclude Include="src\string_util\macros.h">
      <Filter>src\string_util</Filter>
    </ClInclude>
    <ClInclude Include="src\string_util\md5.h">
      <Filter>src\string_util</Filter>
    </ClInclude>
    <ClInclude Include="src\string_util\string_util.h">
      <Filter>src\string_util</Filter>
    </ClInclude>
    <ClInclude Include="src\string_util\win32_debug_buffer.h">
      <Filter>src\string_util</Filter>
    </ClInclude>
    <ClInclude Include="src\windowing\window_base.h">
      <Filter>src\windowing</Filter>
    </ClInclude>
    <ClInclude Include="src\zmq\bytepipe.h">
      <Filter>src\zmq</Filter>
    </ClInclude>
    <ClInclude Include="src\zmq\z_helpers.hpp">
      <Filter>src\zmq</Filter>
    </ClInclude>
    <ClInclude Include="src\rendering\opengl_include.h">
      <Filter>src\rendering</Filter>
    </ClInclude>
    <ClInclude Include="src\file_io\file_io.h">
      <Filter>src\file_io</Filter>
    </ClInclude>
    <ClInclude Include="src\threading\callback.h">
      <Filter>src\threading</Filter>
    </ClInclude>
    <ClInclude Include="src\threading\callback_instances.h">
      <Filter>src\threading</Filter>
    </ClInclude>
    <ClInclude Include="src\threading\callback_queue.h">
      <Filter>src\threading</Filter>
    </ClInclude>
    <ClInclude Include="src\threading\callback_queue_item.h">
      <Filter>src\threading</Filter>
    </ClInclude>
    <ClInclude Include="src\threading\thread.h">
      <Filter>src\threading</Filter>
    </ClInclude>
    <ClInclude Include="src\threading\thread_pool.h">
      <Filter>src\threading</Filter>
    </ClInclude>
    <ClInclude Include="src\exceptions\wruntime_error.h">
      <Filter>src\exceptions</Filter>
    </ClInclude>
    <ClInclude Include="HandForests\src\common_tree_funcs.h">
      <Filter>src\HandForest</Filter>
    </ClInclude>
    <ClInclude Include="HandForests\src\decision_tree_func.h">
      <Filter>src\HandForest</Filter>
    </ClInclude>
    <ClInclude Include="HandForests\src\evaluate_decision_forest.h">
      <Filter>src\HandForest</Filter>
    </ClInclude>
    <ClInclude Include="HandForests\src\forest_io.h">
      <Filter>src\HandForest</Filter>
    </ClInclude>
    <ClInclude Include="HandForests\src\generate_decision_tree.h">
      <Filter>src\HandForest</Filter>
    </ClInclude>
    <ClInclude Include="HandForests\src\hand_detector.h">
      <Filter>src\HandForest</Filter>
    </ClInclude>
    <ClInclude Include="HandForests\src\image_util.h">
      <Filter>src\HandForest</Filter>
    </ClInclude>
    <ClInclude Include="src\fastlz\fastlz.h">
      <Filter>src\fastlz</Filter>
    </ClInclude>
  </ItemGroup>
  <ItemGroup>
    <ClCompile Include="src\app\app.cpp">
      <Filter>src\app</Filter>
    </ClCompile>
    <ClCompile Include="src\data_str\hash_funcs.cpp">
      <Filter>src\data_str</Filter>
    </ClCompile>
    <ClCompile Include="src\kinect_interface\hand_statistics.cpp">
      <Filter>src\kinect_interface</Filter>
    </ClCompile>
    <ClCompile Include="src\kinect_interface\kinect_interface.cpp">
      <Filter>src\kinect_interface</Filter>
    </ClCompile>
    <ClCompile Include="src\main\main.cpp">
      <Filter>src\main</Filter>
    </ClCompile>
    <ClCompile Include="src\math\math_base.cpp">
      <Filter>src\math</Filter>
    </ClCompile>
    <ClCompile Include="src\rendering\effects.cpp">
      <Filter>src\rendering</Filter>
    </ClCompile>
    <ClCompile Include="src\shared_memory\shmem.cpp">
      <Filter>src\shared_memory</Filter>
    </ClCompile>
    <ClCompile Include="src\string_util\md5c.c">
      <Filter>src\string_util</Filter>
    </ClCompile>
    <ClCompile Include="src\string_util\string_util.cpp">
      <Filter>src\string_util</Filter>
    </ClCompile>
    <ClCompile Include="src\windowing\window_win32.cpp">
      <Filter>src\windowing</Filter>
    </ClCompile>
    <ClCompile Include="src\zmq\bytepipe.cpp">
      <Filter>src\zmq</Filter>
    </ClCompile>
    <ClCompile Include="src\file_io\file_io.cpp">
      <Filter>src\file_io</Filter>
    </ClCompile>
    <ClCompile Include="src\threading\thread.cpp">
      <Filter>src\threading</Filter>
    </ClCompile>
    <ClCompile Include="src\threading\thread_pool.cpp">
      <Filter>src\threading</Filter>
    </ClCompile>
    <ClCompile Include="src\exceptions\wruntime_error.cpp">
      <Filter>src\exceptions</Filter>
    </ClCompile>
    <ClCompile Include="HandForests\src\common_tree_funcs.cpp">
      <Filter>src\HandForest</Filter>
    </ClCompile>
    <ClCompile Include="HandForests\src\evaluate_decision_forest.cpp">
      <Filter>src\HandForest</Filter>
    </ClCompile>
    <ClCompile Include="HandForests\src\forest_io.cpp">
      <Filter>src\HandForest</Filter>
    </ClCompile>
    <ClCompile Include="HandForests\src\hand_detector.cpp">
      <Filter>src\HandForest</Filter>
    </ClCompile>
    <ClCompile Include="src\fastlz\fastlz.c">
      <Filter>src\fastlz</Filter>
    </ClCompile>
  </ItemGroup>
  <ItemGroup>
    <None Include="src\windowing\window_macosx.mm">
      <Filter>src\windowing</Filter>
    </None>
  </ItemGroup>
</Project>